{
  "version": 4,
  "terraform_version": "1.3.8",
  "serial": 62,
  "lineage": "932e8ca3-4e42-9b8f-6369-bfedad7fb27c",
  "outputs": {
    "public_ip_address": {
      "value": "20.86.107.72",
      "type": "string"
    },
    "resource_group_name": {
      "value": "rg-gaming-489",
      "type": "string"
    },
    "tls_private_key": {
      "value": "-----BEGIN RSA PRIVATE KEY-----\nMIIJKQIBAAKCAgEA8k5cxyYCPUkkMluTQ3e/ozDsevke5XZrKTVcdAoEqkbXGRsm\nXV69kgLn20hbB96+Vp4TBjMP4I+0s7U7rLVXvBwWrlqZx3J8ceiU9ccQXzfNKeud\nGHkWyRoTZD/Nmi/T7WRkLuTnYc2pmyuUrLtwZLDlKUb+Ro80IPKdZIhrlIh22pfX\nVMwjoWbErNID1Axq4A7Mr9yuAY9gXan9GzBDCj0ZC+UWAWZrBxXe6S34yOU0Mmky\ne9J4MG6M5UC/SzVuBz83kZetWfw8dH40pdA35yVh5aG10O5Nxzjv7x+FISGhNGwR\nYl+fiwLk+dMdekfqrvvQIm2Jb1JWIwQnydIcvQAU8NKRYF00NHuiPV3TzFOOf5bx\nOwWFfyqdhNTp88BjtB0eK0yOgm62llJvbUHZL0vfpvzf6tZc72eoOtDHt0imkhRd\njKIB4chsWXpKCNCcXPznHfUqSageKzkOFeL6xcaaasK3CFjjOeBmIZAoAC8rgQbO\nFX2ymPxPwHp/k3MRWhEQ9OqvA+jZ3H9nkuN2po/EyknuVdCkGovQzaffYxV6hb/J\nXe9lqNGmDk59lyAdG4ofYYpAlV4NhSsE9+LRemiIwpXhx86Z9cw0TtMJK+gJr4z4\nsTfZ03dFYAh8QktDPgxpr1Ut1NDyksXIktFZO9W657fgWDhqFLpKMn5xs+8CAwEA\nAQKCAgBlskH6S5eRBUut3wV1waKq6XO3QSuYfxUG3KCLC1Fd7hGFNgHqGkNSLuoE\n/N9H9FLKo9m0NmYph+b9rcj3+bxy9Q8H6nq0XPaiEE3EweG7NP5k48CxbtEDYnBV\nGPpABmbaMdJiZCxAvkK7H5Vs0dagTCZCJsu97Yihc3JfqWoNkyDfKe90ZaFmsm1F\nY3e73eJVW6DJBsP5X6XAagITETRx7aa/eUy9FbFB7gn6sBLErn4z0jcgBPvwx9VW\nutAOzsP5Qq0d7B0TsWvmMLoEBdoQp33pFO/sWrhGLz10jTQg7a5tBBZfxWZ+v54+\nxD6Q/fIfswxuBq8yC8qfM7VHXWo1j+fbLkyMco73M/8wemX78QgEcf6sIymHJhqH\n42K/16vD0WIPmrrLHEHfVy5TRDUc2yPGVtp9AEt0pJ54VE/C9EKpRlFcfJHx8Sx5\nNi67IRRtZzEJ+VwWENu4kyJ7EjRWBcYQjaOtOZPK29FBsYXtikvkM7BWcMZ2A3ys\nCgI3Wk5UPLCwoGaB0h/nfIUyAt525bbG5SFv42q9Gnt3yfdHRgZhqfWaWE6Cb5Ms\nkH2/Y06Uv0TTjWoX0lx0pLmFz1Nu4SWGoqiBR5naNy6nRDS7bOsler9oC5/h6CbU\nPVrXDuu5cVToopHQDYabXkCFtQGbsjOUjN1Hnmu+SjY7oK6B4QKCAQEA/Hb3u54N\nd9/uR2Ufx8QjIJfejfpvcW+lsoOq/TCkfzGFa/S6l21mUfH+2neELHZtonJCHUl3\nZdAsVPtJ9JiMUyMPUEw7gXbwZ11foyIy5ypLZR1H/SRooeYNocfpek+uyEMaoo57\nk5Xom6p/qb2IN2vYq4aLrCH1LR4q3u1ol07LXybjRB5WM2mYoWiUaONC8q2Wube9\nQfQnV0xKfPFEP/DSyPtWQ4NYDfNmItF4FaTsbA9BBr4ay/VfzukgzLVVDVy8VSfm\nWLHQMrzEY/EGHyXpLieF6GH2Fb/7E1LEd4Ku/fjUpjvbtNGt+9Ri0oA8drUbF9TK\nwVeoamuCSJVeqQKCAQEA9bL6ba0augnIYdu42bNZsE+vEegzVcl5DSp0bwg41uA1\n51SBD96VnZZNVl9+cDNWIC32Qy8k1/JxNRUrzcHo5bbCgpiKfxk0sizKy+UEbisb\ncX68UJtkmUXSI9HLy5IWxOWm8dNh2n55KYSdFyHwKDTduiaNjLi6M97/en3FtFaX\nJ6icBJMT5PaDhgT22K8uot0xs+l8nBClQadkiLxCorS4HfUGEkp95ySOMDra/xi2\nM5W7RO6r0cVI/q7UtufgJLjOF6JVnJhUy5YxrICYSI8FZhZB5fuQZILXMNj2hfmg\nVs8sGzztJavghKxRmS8GhVGSBhbdkIE58U4mswoU1wKCAQEAonzfTP2YpYKWlZTc\nM3JlOWEFeFOqzlORTae4sWRROxvgR28neLaMmEksQeeSRhuizF7FdpwGIJ0vKzLg\nknBsQEXcYU3vLpAigiRynUgxgt6Rz+5cmuyH+0tZkrpb5sDKOVIXHnCd0Is3Ppkp\nuVGnDiR3O05JLuxcJEG6Teh23It2ETOyKfFsgYKBHcF1Y1yBhjd7PuSnBn/hoioT\n9v5BcvXIdFpvVtx+G9x/7ADtTODs2U+oBnLsREEU/NLGrXo313XMMPKRKpym50Df\nFYPW8M0xmucNJFeITs9VBUbL9C9D+WnhU2xLJ8GcPOyg/eJTCAPgACKQrIeCeZvg\nKl8YoQKCAQEAxRq62gd3nG1CqnaZGVRPDCkwmh38KMMC8HPxii0/Y+nkdFsPWorG\n3e/4xOTAywP0AMa+e3EzjmW5OcttI5h+3OG7swbqfEHdS16xpdZosnS0hF0Wd1fh\n4S/o/8FLS1k8GOLfBbr9EkpJquvvFeKtBaQ7iB1risua3Qf1Te/eDek1Q6R43Rac\nbB7yri4HVRdcQ11NhTY3OAAGgt/lv+e/UUXHOokZQM0vqaFizAA7NVA+wq1I2Wja\nv+MTxvS8QqtL3km/U6hwI7r0s4oe+XMEN5k8zIPog7ZHRMrOFSrIwfvbDCkRChzb\nZlA3Qlf28fuOsJ8alPX88vMoZ5O5agIZawKCAQBuQU7BEwD2Q4pts2K1VEWr3rH3\nckjWLGQtOns4CZJBj/cwHf6W26JQSWfActaRh9opwDcR12i5+5dlKLNPDwr3qNVr\nUhbRFaAu7Pua9vERfHWfd1XXPQZ7h5v+PFQXn5WRXhAewsqXuHPcOvivgU0eKwEy\nJeihbsO6T/l5Yl7YkEWXYHzGuhKBX53/tPqkFAfiWkla2XRvmMvJ+tgX3UkAZ+I5\ntfQcO/vIhEPU5wX3XWjMTxc03wWBb3XPdXC0iAj2SzMWRuNKvZB83CowtSjMtNyQ\nLn/J5+Igo0NpAUxdnAVqL9ONRwz2vCTVUZTIDFeVO+nKaU4rDg5fqOLQPfSb\n-----END RSA PRIVATE KEY-----\n",
      "type": "string",
      "sensitive": true
    }
  },
  "resources": [
    {
      "mode": "managed",
      "type": "azurerm_linux_virtual_machine",
      "name": "vm",
      "provider": "provider[\"registry.terraform.io/hashicorp/azurerm\"]",
      "instances": [
        {
          "schema_version": 0,
          "attributes": {
            "additional_capabilities": [],
            "admin_password": "Password123!",
            "admin_ssh_key": [
              {
                "public_key": "ssh-rsa AAAAB3NzaC1yc2EAAAADAQABAAACAQDyTlzHJgI9SSQyW5NDd7+jMOx6+R7ldmspNVx0CgSqRtcZGyZdXr2SAufbSFsH3r5WnhMGMw/gj7SztTustVe8HBauWpnHcnxx6JT1xxBfN80p650YeRbJGhNkP82aL9PtZGQu5OdhzambK5Ssu3BksOUpRv5GjzQg8p1kiGuUiHbal9dUzCOhZsSs0gPUDGrgDsyv3K4Bj2Bdqf0bMEMKPRkL5RYBZmsHFd7pLfjI5TQyaTJ70ngwbozlQL9LNW4HPzeRl61Z/Dx0fjSl0DfnJWHlobXQ7k3HOO/vH4UhIaE0bBFiX5+LAuT50x16R+qu+9AibYlvUlYjBCfJ0hy9ABTw0pFgXTQ0e6I9XdPMU45/lvE7BYV/Kp2E1OnzwGO0HR4rTI6CbraWUm9tQdkvS9+m/N/q1lzvZ6g60Me3SKaSFF2MogHhyGxZekoI0Jxc/Ocd9SpJqB4rOQ4V4vrFxppqwrcIWOM54GYhkCgALyuBBs4VfbKY/E/Aen+TcxFaERD06q8D6Nncf2eS43amj8TKSe5V0KQai9DNp99jFXqFv8ld72Wo0aYOTn2XIB0bih9hikCVXg2FKwT34tF6aIjCleHHzpn1zDRO0wkr6AmvjPixN9nTd0VgCHxCS0M+DGmvVS3U0PKSxciS0Vk71brnt+BYOGoUukoyfnGz7w==\n",
                "username": "adminuser"
              }
            ],
            "admin_username": "adminuser",
            "allow_extension_operations": true,
            "availability_set_id": "",
            "boot_diagnostics": [
              {
                "storage_account_uri": "https://diageb1782e8aeb9e2ff.blob.core.windows.net/"
              }
            ],
            "capacity_reservation_group_id": "",
            "computer_name": "test2",
            "custom_data": null,
            "dedicated_host_group_id": "",
            "dedicated_host_id": "",
            "disable_password_authentication": false,
            "edge_zone": "",
            "encryption_at_host_enabled": false,
            "eviction_policy": "",
            "extensions_time_budget": "PT1H30M",
            "gallery_application": [],
            "id": "/subscriptions/52ab4a40-5faa-4f34-b0f2-6bad00c12511/resourceGroups/rg-gaming-489/providers/Microsoft.Compute/virtualMachines/test2",
            "identity": [],
            "license_type": "",
            "location": "westeurope",
            "max_bid_price": -1,
            "name": "test2",
            "network_interface_ids": [
              "/subscriptions/52ab4a40-5faa-4f34-b0f2-6bad00c12511/resourceGroups/rg-gaming-489/providers/Microsoft.Network/networkInterfaces/testNetworkInterface"
            ],
            "os_disk": [
              {
                "caching": "ReadWrite",
                "diff_disk_settings": [],
                "disk_encryption_set_id": "",
                "disk_size_gb": 30,
                "name": "testOsDisk",
                "secure_vm_disk_encryption_set_id": "",
                "security_encryption_type": "",
                "storage_account_type": "Standard_LRS",
                "write_accelerator_enabled": false
              }
            ],
            "patch_assessment_mode": "ImageDefault",
            "patch_mode": "ImageDefault",
            "plan": [],
            "platform_fault_domain": -1,
            "priority": "Regular",
            "private_ip_address": "10.0.2.4",
            "private_ip_addresses": [
              "10.0.2.4"
            ],
            "provision_vm_agent": true,
            "proximity_placement_group_id": "",
            "public_ip_address": "20.86.107.72",
            "public_ip_addresses": [
              "20.86.107.72"
            ],
            "resource_group_name": "rg-gaming-489",
            "secret": [],
            "secure_boot_enabled": false,
            "size": "Standard_B2s",
            "source_image_id": "",
            "source_image_reference": [
              {
                "offer": "UbuntuServer",
                "publisher": "Canonical",
                "sku": "18.04-LTS",
                "version": "latest"
              }
            ],
            "tags": {},
            "termination_notification": [],
            "timeouts": null,
            "user_data": "",
            "virtual_machine_id": "83378f65-7d44-4f3c-998b-5ae56765cbf3",
            "virtual_machine_scale_set_id": "",
            "vtpm_enabled": false,
            "zone": ""
          },
          "sensitive_attributes": [],
          "private": "eyJlMmJmYjczMC1lY2FhLTExZTYtOGY4OC0zNDM2M2JjN2M0YzAiOnsiY3JlYXRlIjoyNzAwMDAwMDAwMDAwLCJkZWxldGUiOjI3MDAwMDAwMDAwMDAsInJlYWQiOjMwMDAwMDAwMDAwMCwidXBkYXRlIjoyNzAwMDAwMDAwMDAwfX0=",
          "dependencies": [
            "azurerm_network_interface.vmnic",
            "azurerm_public_ip.vmpublicip",
            "azurerm_resource_group.rg",
            "azurerm_storage_account.my_storage_account",
            "azurerm_subnet.subnet",
            "azurerm_virtual_network.vnet",
            "random_id.random_id",
            "tls_private_key.example_ssh"
          ]
        }
      ]
    },
    {
      "mode": "managed",
      "type": "azurerm_mssql_database",
      "name": "db_vm",
      "provider": "provider[\"registry.terraform.io/hashicorp/azurerm\"]",
      "instances": [
        {
          "schema_version": 1,
          "attributes": {
            "auto_pause_delay_in_minutes": 0,
            "collation": "SQL_Latin1_General_CP1_CI_AS",
            "create_mode": "Default",
            "creation_source_database_id": null,
            "elastic_pool_id": "",
            "geo_backup_enabled": true,
            "id": "/subscriptions/52ab4a40-5faa-4f34-b0f2-6bad00c12511/resourceGroups/rg-gaming-489/providers/Microsoft.Sql/servers/dbservervmmanager/databases/vm-databasev2",
            "import": [],
            "ledger_enabled": false,
            "license_type": "LicenseIncluded",
            "long_term_retention_policy": [
              {
                "monthly_retention": "PT0S",
                "week_of_year": 1,
                "weekly_retention": "PT0S",
                "yearly_retention": "PT0S"
              }
            ],
            "maintenance_configuration_name": "SQL_Default",
            "max_size_gb": 1,
            "min_capacity": 0,
            "name": "vm-databasev2",
            "read_replica_count": 0,
            "read_scale": false,
            "recover_database_id": null,
            "restore_dropped_database_id": null,
            "restore_point_in_time": null,
            "sample_name": null,
            "server_id": "/subscriptions/52ab4a40-5faa-4f34-b0f2-6bad00c12511/resourceGroups/rg-gaming-489/providers/Microsoft.Sql/servers/dbservervmmanager",
            "short_term_retention_policy": [
              {
                "backup_interval_in_hours": 24,
                "retention_days": 7
              }
            ],
            "sku_name": "S0",
            "storage_account_type": "Geo",
            "tags": {},
            "threat_detection_policy": [
              {
                "disabled_alerts": [],
                "email_account_admins": "Disabled",
                "email_addresses": [],
                "retention_days": 0,
                "state": "Disabled",
                "storage_account_access_key": "",
                "storage_endpoint": ""
              }
            ],
            "timeouts": null,
            "transparent_data_encryption_enabled": true,
            "zone_redundant": false
          },
          "sensitive_attributes": [],
          "private": "eyJlMmJmYjczMC1lY2FhLTExZTYtOGY4OC0zNDM2M2JjN2M0YzAiOnsiY3JlYXRlIjozNjAwMDAwMDAwMDAwLCJkZWxldGUiOjM2MDAwMDAwMDAwMDAsInJlYWQiOjMwMDAwMDAwMDAwMCwidXBkYXRlIjozNjAwMDAwMDAwMDAwfSwic2NoZW1hX3ZlcnNpb24iOiIxIn0=",
          "dependencies": [
            "azurerm_mssql_server.db_server_1",
            "azurerm_resource_group.rg",
            "azurerm_service_plan.asp_gaming"
          ]
        }
      ]
    },
    {
      "mode": "managed",
      "type": "azurerm_mssql_server",
      "name": "db_server_1",
      "provider": "provider[\"registry.terraform.io/hashicorp/azurerm\"]",
      "instances": [
        {
          "schema_version": 0,
          "attributes": {
            "administrator_login": "dodv2o",
            "administrator_login_password": "4-v3ry-53cr37-p455w0rd",
            "azuread_administrator": [],
            "connection_policy": "Default",
            "fully_qualified_domain_name": "dbservervmmanager.database.windows.net",
            "id": "/subscriptions/52ab4a40-5faa-4f34-b0f2-6bad00c12511/resourceGroups/rg-gaming-489/providers/Microsoft.Sql/servers/dbservervmmanager",
            "identity": [],
            "location": "westeurope",
            "minimum_tls_version": "1.2",
            "name": "dbservervmmanager",
            "outbound_network_restriction_enabled": false,
            "primary_user_assigned_identity_id": "",
            "public_network_access_enabled": true,
            "resource_group_name": "rg-gaming-489",
            "restorable_dropped_database_ids": [],
            "tags": {
              "environment": "production"
            },
            "timeouts": null,
            "version": "12.0"
          },
          "sensitive_attributes": [],
          "private": "eyJlMmJmYjczMC1lY2FhLTExZTYtOGY4OC0zNDM2M2JjN2M0YzAiOnsiY3JlYXRlIjozNjAwMDAwMDAwMDAwLCJkZWxldGUiOjM2MDAwMDAwMDAwMDAsInJlYWQiOjMwMDAwMDAwMDAwMCwidXBkYXRlIjozNjAwMDAwMDAwMDAwfX0=",
          "dependencies": [
            "azurerm_resource_group.rg",
            "azurerm_service_plan.asp_gaming"
          ]
        }
      ]
    },
    {
      "mode": "managed",
      "type": "azurerm_network_interface",
      "name": "vmnic",
      "provider": "provider[\"registry.terraform.io/hashicorp/azurerm\"]",
      "instances": [
        {
          "schema_version": 0,
          "attributes": {
            "applied_dns_servers": [],
            "dns_servers": [],
            "edge_zone": "",
            "enable_accelerated_networking": false,
            "enable_ip_forwarding": false,
            "id": "/subscriptions/52ab4a40-5faa-4f34-b0f2-6bad00c12511/resourceGroups/rg-gaming-489/providers/Microsoft.Network/networkInterfaces/testNetworkInterface",
            "internal_dns_name_label": "",
            "internal_domain_name_suffix": "ltet4wgegodendn3vy5js5xltg.ax.internal.cloudapp.net",
            "ip_configuration": [
              {
                "gateway_load_balancer_frontend_ip_configuration_id": "",
                "name": "Primary",
                "primary": true,
                "private_ip_address": "10.0.2.4",
                "private_ip_address_allocation": "Dynamic",
                "private_ip_address_version": "IPv4",
                "public_ip_address_id": "/subscriptions/52ab4a40-5faa-4f34-b0f2-6bad00c12511/resourceGroups/rg-gaming-489/providers/Microsoft.Network/publicIPAddresses/testIp",
                "subnet_id": "/subscriptions/52ab4a40-5faa-4f34-b0f2-6bad00c12511/resourceGroups/rg-gaming-489/providers/Microsoft.Network/virtualNetworks/testVnetwork/subnets/testSubnet"
              }
            ],
            "location": "westeurope",
            "mac_address": "60-45-BD-9C-02-CA",
            "name": "testNetworkInterface",
            "private_ip_address": "10.0.2.4",
            "private_ip_addresses": [
              "10.0.2.4"
            ],
            "resource_group_name": "rg-gaming-489",
            "tags": {},
            "timeouts": null,
            "virtual_machine_id": "/subscriptions/52ab4a40-5faa-4f34-b0f2-6bad00c12511/resourceGroups/rg-gaming-489/providers/Microsoft.Compute/virtualMachines/test2"
          },
          "sensitive_attributes": [],
          "private": "eyJlMmJmYjczMC1lY2FhLTExZTYtOGY4OC0zNDM2M2JjN2M0YzAiOnsiY3JlYXRlIjoxODAwMDAwMDAwMDAwLCJkZWxldGUiOjE4MDAwMDAwMDAwMDAsInJlYWQiOjMwMDAwMDAwMDAwMCwidXBkYXRlIjoxODAwMDAwMDAwMDAwfX0=",
          "dependencies": [
            "azurerm_public_ip.vmpublicip",
            "azurerm_resource_group.rg",
            "azurerm_subnet.subnet",
            "azurerm_virtual_network.vnet"
          ]
        }
      ]
    },
    {
      "mode": "managed",
      "type": "azurerm_network_interface_security_group_association",
      "name": "example",
      "provider": "provider[\"registry.terraform.io/hashicorp/azurerm\"]",
      "instances": [
        {
          "schema_version": 0,
          "attributes": {
            "id": "/subscriptions/52ab4a40-5faa-4f34-b0f2-6bad00c12511/resourceGroups/rg-gaming-489/providers/Microsoft.Network/networkInterfaces/testNetworkInterface|/subscriptions/52ab4a40-5faa-4f34-b0f2-6bad00c12511/resourceGroups/rg-gaming-489/providers/Microsoft.Network/networkSecurityGroups/testNetworkSecurityGroup",
            "network_interface_id": "/subscriptions/52ab4a40-5faa-4f34-b0f2-6bad00c12511/resourceGroups/rg-gaming-489/providers/Microsoft.Network/networkInterfaces/testNetworkInterface",
            "network_security_group_id": "/subscriptions/52ab4a40-5faa-4f34-b0f2-6bad00c12511/resourceGroups/rg-gaming-489/providers/Microsoft.Network/networkSecurityGroups/testNetworkSecurityGroup",
            "timeouts": null
          },
          "sensitive_attributes": [],
          "private": "eyJlMmJmYjczMC1lY2FhLTExZTYtOGY4OC0zNDM2M2JjN2M0YzAiOnsiY3JlYXRlIjoxODAwMDAwMDAwMDAwLCJkZWxldGUiOjE4MDAwMDAwMDAwMDAsInJlYWQiOjMwMDAwMDAwMDAwMCwidXBkYXRlIjoxODAwMDAwMDAwMDAwfX0=",
          "dependencies": [
            "azurerm_network_interface.vmnic",
            "azurerm_network_security_group.vmnsg",
            "azurerm_public_ip.vmpublicip",
            "azurerm_resource_group.rg",
            "azurerm_subnet.subnet",
            "azurerm_virtual_network.vnet"
          ]
        }
      ]
    },
    {
      "mode": "managed",
      "type": "azurerm_network_security_group",
      "name": "vmnsg",
      "provider": "provider[\"registry.terraform.io/hashicorp/azurerm\"]",
      "instances": [
        {
          "schema_version": 0,
          "attributes": {
            "id": "/subscriptions/52ab4a40-5faa-4f34-b0f2-6bad00c12511/resourceGroups/rg-gaming-489/providers/Microsoft.Network/networkSecurityGroups/testNetworkSecurityGroup",
            "location": "westeurope",
            "name": "testNetworkSecurityGroup",
            "resource_group_name": "rg-gaming-489",
            "security_rule": [
              {
                "access": "Allow",
                "description": "",
                "destination_address_prefix": "*",
                "destination_address_prefixes": [],
                "destination_application_security_group_ids": [],
                "destination_port_range": "22",
                "destination_port_ranges": [],
                "direction": "Inbound",
                "name": "SSH",
                "priority": 1001,
                "protocol": "Tcp",
                "source_address_prefix": "*",
                "source_address_prefixes": [],
                "source_application_security_group_ids": [],
                "source_port_range": "*",
                "source_port_ranges": []
              }
            ],
            "tags": {},
            "timeouts": null
          },
          "sensitive_attributes": [],
          "private": "eyJlMmJmYjczMC1lY2FhLTExZTYtOGY4OC0zNDM2M2JjN2M0YzAiOnsiY3JlYXRlIjoxODAwMDAwMDAwMDAwLCJkZWxldGUiOjE4MDAwMDAwMDAwMDAsInJlYWQiOjMwMDAwMDAwMDAwMCwidXBkYXRlIjoxODAwMDAwMDAwMDAwfX0=",
          "dependencies": [
            "azurerm_resource_group.rg"
          ]
        }
      ]
    },
    {
      "mode": "managed",
      "type": "azurerm_public_ip",
      "name": "vmpublicip",
      "provider": "provider[\"registry.terraform.io/hashicorp/azurerm\"]",
      "instances": [
        {
          "schema_version": 0,
          "attributes": {
            "allocation_method": "Dynamic",
            "ddos_protection_mode": "VirtualNetworkInherited",
            "ddos_protection_plan_id": null,
            "domain_name_label": null,
            "edge_zone": "",
            "fqdn": null,
            "id": "/subscriptions/52ab4a40-5faa-4f34-b0f2-6bad00c12511/resourceGroups/rg-gaming-489/providers/Microsoft.Network/publicIPAddresses/testIp",
            "idle_timeout_in_minutes": 4,
            "ip_address": "20.86.107.72",
            "ip_tags": {},
            "ip_version": "IPv4",
            "location": "westeurope",
            "name": "testIp",
            "public_ip_prefix_id": null,
            "resource_group_name": "rg-gaming-489",
            "reverse_fqdn": null,
            "sku": "Basic",
            "sku_tier": "Regional",
            "tags": {},
            "timeouts": null,
            "zones": []
          },
          "sensitive_attributes": [],
          "private": "eyJlMmJmYjczMC1lY2FhLTExZTYtOGY4OC0zNDM2M2JjN2M0YzAiOnsiY3JlYXRlIjoxODAwMDAwMDAwMDAwLCJkZWxldGUiOjE4MDAwMDAwMDAwMDAsInJlYWQiOjMwMDAwMDAwMDAwMCwidXBkYXRlIjoxODAwMDAwMDAwMDAwfX0=",
          "dependencies": [
            "azurerm_resource_group.rg"
          ]
        }
      ]
    },
    {
      "mode": "managed",
      "type": "azurerm_resource_group",
      "name": "rg",
      "provider": "provider[\"registry.terraform.io/hashicorp/azurerm\"]",
      "instances": [
        {
          "schema_version": 0,
          "attributes": {
            "id": "/subscriptions/52ab4a40-5faa-4f34-b0f2-6bad00c12511/resourceGroups/rg-gaming-489",
            "location": "westeurope",
            "name": "rg-gaming-489",
            "tags": {},
            "timeouts": null
          },
          "sensitive_attributes": [],
          "private": "eyJlMmJmYjczMC1lY2FhLTExZTYtOGY4OC0zNDM2M2JjN2M0YzAiOnsiY3JlYXRlIjo1NDAwMDAwMDAwMDAwLCJkZWxldGUiOjU0MDAwMDAwMDAwMDAsInJlYWQiOjMwMDAwMDAwMDAwMCwidXBkYXRlIjo1NDAwMDAwMDAwMDAwfX0="
        }
      ]
    },
    {
      "mode": "managed",
      "type": "azurerm_service_plan",
      "name": "asp_gaming",
      "provider": "provider[\"registry.terraform.io/hashicorp/azurerm\"]",
      "instances": [
        {
          "schema_version": 0,
          "attributes": {
            "app_service_environment_id": "",
            "id": "/subscriptions/52ab4a40-5faa-4f34-b0f2-6bad00c12511/resourceGroups/rg-gaming-489/providers/Microsoft.Web/serverfarms/asp-gaming-001",
            "kind": "app",
            "location": "westeurope",
            "maximum_elastic_worker_count": 1,
            "name": "asp-gaming-001",
            "os_type": "Windows",
            "per_site_scaling_enabled": false,
            "reserved": false,
            "resource_group_name": "rg-gaming-489",
            "sku_name": "B1",
            "tags": {},
            "timeouts": null,
            "worker_count": 1,
            "zone_balancing_enabled": false
          },
          "sensitive_attributes": [],
          "private": "eyJlMmJmYjczMC1lY2FhLTExZTYtOGY4OC0zNDM2M2JjN2M0YzAiOnsiY3JlYXRlIjozNjAwMDAwMDAwMDAwLCJkZWxldGUiOjM2MDAwMDAwMDAwMDAsInJlYWQiOjMwMDAwMDAwMDAwMCwidXBkYXRlIjozNjAwMDAwMDAwMDAwfX0=",
          "dependencies": [
            "azurerm_resource_group.rg"
          ]
        }
      ]
    },
    {
      "mode": "managed",
      "type": "azurerm_storage_account",
      "name": "db_account_1",
      "provider": "provider[\"registry.terraform.io/hashicorp/azurerm\"]",
      "instances": [
        {
          "schema_version": 3,
          "attributes": {
            "access_tier": "Hot",
            "account_kind": "StorageV2",
            "account_replication_type": "LRS",
            "account_tier": "Standard",
            "allow_nested_items_to_be_public": true,
            "allowed_copy_scope": "",
            "azure_files_authentication": [],
            "blob_properties": [
              {
                "change_feed_enabled": false,
                "change_feed_retention_in_days": 0,
                "container_delete_retention_policy": [],
                "cors_rule": [],
                "default_service_version": "",
                "delete_retention_policy": [],
                "last_access_time_enabled": false,
                "restore_policy": [],
                "versioning_enabled": false
              }
            ],
            "cross_tenant_replication_enabled": true,
            "custom_domain": [],
            "customer_managed_key": [],
            "default_to_oauth_authentication": false,
            "edge_zone": "",
            "enable_https_traffic_only": true,
            "id": "/subscriptions/52ab4a40-5faa-4f34-b0f2-6bad00c12511/resourceGroups/rg-gaming-489/providers/Microsoft.Storage/storageAccounts/cedsidb",
            "identity": [],
            "immutability_policy": [],
            "infrastructure_encryption_enabled": false,
            "is_hns_enabled": false,
            "large_file_share_enabled": null,
            "location": "westeurope",
            "min_tls_version": "TLS1_2",
            "name": "cedsidb",
            "network_rules": [
              {
                "bypass": [
                  "AzureServices"
                ],
                "default_action": "Allow",
                "ip_rules": [],
                "private_link_access": [],
                "virtual_network_subnet_ids": []
              }
            ],
            "nfsv3_enabled": false,
            "primary_access_key": "qSGs9mNj1KSUrT2xX/DtoHukCYr5mHAjqPMWG5EzC0ktRAKlNWoR+u2fgPcz/1xFsiL03/VQRutc+AStcNxRZQ==",
            "primary_blob_connection_string": "DefaultEndpointsProtocol=https;BlobEndpoint=https://cedsidb.blob.core.windows.net/;AccountName=cedsidb;AccountKey=qSGs9mNj1KSUrT2xX/DtoHukCYr5mHAjqPMWG5EzC0ktRAKlNWoR+u2fgPcz/1xFsiL03/VQRutc+AStcNxRZQ==",
            "primary_blob_endpoint": "https://cedsidb.blob.core.windows.net/",
            "primary_blob_host": "cedsidb.blob.core.windows.net",
            "primary_connection_string": "DefaultEndpointsProtocol=https;AccountName=cedsidb;AccountKey=qSGs9mNj1KSUrT2xX/DtoHukCYr5mHAjqPMWG5EzC0ktRAKlNWoR+u2fgPcz/1xFsiL03/VQRutc+AStcNxRZQ==;EndpointSuffix=core.windows.net",
            "primary_dfs_endpoint": "https://cedsidb.dfs.core.windows.net/",
            "primary_dfs_host": "cedsidb.dfs.core.windows.net",
            "primary_file_endpoint": "https://cedsidb.file.core.windows.net/",
            "primary_file_host": "cedsidb.file.core.windows.net",
            "primary_location": "westeurope",
            "primary_queue_endpoint": "https://cedsidb.queue.core.windows.net/",
            "primary_queue_host": "cedsidb.queue.core.windows.net",
            "primary_table_endpoint": "https://cedsidb.table.core.windows.net/",
            "primary_table_host": "cedsidb.table.core.windows.net",
            "primary_web_endpoint": "https://cedsidb.z6.web.core.windows.net/",
            "primary_web_host": "cedsidb.z6.web.core.windows.net",
            "public_network_access_enabled": true,
            "queue_encryption_key_type": "Service",
            "queue_properties": [
              {
                "cors_rule": [],
                "hour_metrics": [
                  {
                    "enabled": true,
                    "include_apis": true,
                    "retention_policy_days": 7,
                    "version": "1.0"
                  }
                ],
                "logging": [
                  {
                    "delete": false,
                    "read": false,
                    "retention_policy_days": 0,
                    "version": "1.0",
                    "write": false
                  }
                ],
                "minute_metrics": [
                  {
                    "enabled": false,
                    "include_apis": false,
                    "retention_policy_days": 0,
                    "version": "1.0"
                  }
                ]
              }
            ],
            "resource_group_name": "rg-gaming-489",
            "routing": [],
            "sas_policy": [],
            "secondary_access_key": "yMRssb4TWUu96Bo8/O9st4+71gz3ai7TKnXaVLFrwsw+5vyd/K1ZVJm855WFfPQhh12FmpzhvrXG+AStcgFL4Q==",
            "secondary_blob_connection_string": "",
            "secondary_blob_endpoint": null,
            "secondary_blob_host": null,
            "secondary_connection_string": "DefaultEndpointsProtocol=https;AccountName=cedsidb;AccountKey=yMRssb4TWUu96Bo8/O9st4+71gz3ai7TKnXaVLFrwsw+5vyd/K1ZVJm855WFfPQhh12FmpzhvrXG+AStcgFL4Q==;EndpointSuffix=core.windows.net",
            "secondary_dfs_endpoint": null,
            "secondary_dfs_host": null,
            "secondary_file_endpoint": null,
            "secondary_file_host": null,
            "secondary_location": "",
            "secondary_queue_endpoint": null,
            "secondary_queue_host": null,
            "secondary_table_endpoint": null,
            "secondary_table_host": null,
            "secondary_web_endpoint": null,
            "secondary_web_host": null,
            "sftp_enabled": false,
            "share_properties": [
              {
                "cors_rule": [],
                "retention_policy": [
                  {
                    "days": 7
                  }
                ],
                "smb": []
              }
            ],
            "shared_access_key_enabled": true,
            "static_website": [],
            "table_encryption_key_type": "Service",
            "tags": null,
            "timeouts": null
          },
          "sensitive_attributes": [],
          "private": "eyJlMmJmYjczMC1lY2FhLTExZTYtOGY4OC0zNDM2M2JjN2M0YzAiOnsiY3JlYXRlIjozNjAwMDAwMDAwMDAwLCJkZWxldGUiOjM2MDAwMDAwMDAwMDAsInJlYWQiOjMwMDAwMDAwMDAwMCwidXBkYXRlIjozNjAwMDAwMDAwMDAwfSwic2NoZW1hX3ZlcnNpb24iOiIzIn0=",
          "dependencies": [
            "azurerm_resource_group.rg",
            "azurerm_service_plan.asp_gaming"
          ]
        }
      ]
    },
    {
      "mode": "managed",
      "type": "azurerm_storage_account",
      "name": "my_storage_account",
      "provider": "provider[\"registry.terraform.io/hashicorp/azurerm\"]",
      "instances": [
        {
          "schema_version": 3,
          "attributes": {
            "access_tier": "Hot",
            "account_kind": "StorageV2",
            "account_replication_type": "LRS",
            "account_tier": "Standard",
            "allow_nested_items_to_be_public": true,
            "allowed_copy_scope": "",
            "azure_files_authentication": [],
            "blob_properties": [
              {
                "change_feed_enabled": false,
                "change_feed_retention_in_days": 0,
                "container_delete_retention_policy": [],
                "cors_rule": [],
                "default_service_version": "",
                "delete_retention_policy": [],
                "last_access_time_enabled": false,
                "restore_policy": [],
                "versioning_enabled": false
              }
            ],
            "cross_tenant_replication_enabled": true,
            "custom_domain": [],
            "customer_managed_key": [],
            "default_to_oauth_authentication": false,
            "edge_zone": "",
            "enable_https_traffic_only": true,
            "id": "/subscriptions/52ab4a40-5faa-4f34-b0f2-6bad00c12511/resourceGroups/rg-gaming-489/providers/Microsoft.Storage/storageAccounts/diageb1782e8aeb9e2ff",
            "identity": [],
            "immutability_policy": [],
            "infrastructure_encryption_enabled": false,
            "is_hns_enabled": false,
            "large_file_share_enabled": null,
            "location": "westeurope",
            "min_tls_version": "TLS1_2",
            "name": "diageb1782e8aeb9e2ff",
            "network_rules": [
              {
                "bypass": [
                  "AzureServices"
                ],
                "default_action": "Allow",
                "ip_rules": [],
                "private_link_access": [],
                "virtual_network_subnet_ids": []
              }
            ],
            "nfsv3_enabled": false,
            "primary_access_key": "40gpZG76Az9Cy2SGFYKZPMUIIMifq10/n73AP6uVFKzpbe9yIPH+1zBZu+B5DHZAMv3pEDu6uiTQ+ASt9R5aPw==",
            "primary_blob_connection_string": "DefaultEndpointsProtocol=https;BlobEndpoint=https://diageb1782e8aeb9e2ff.blob.core.windows.net/;AccountName=diageb1782e8aeb9e2ff;AccountKey=40gpZG76Az9Cy2SGFYKZPMUIIMifq10/n73AP6uVFKzpbe9yIPH+1zBZu+B5DHZAMv3pEDu6uiTQ+ASt9R5aPw==",
            "primary_blob_endpoint": "https://diageb1782e8aeb9e2ff.blob.core.windows.net/",
            "primary_blob_host": "diageb1782e8aeb9e2ff.blob.core.windows.net",
            "primary_connection_string": "DefaultEndpointsProtocol=https;AccountName=diageb1782e8aeb9e2ff;AccountKey=40gpZG76Az9Cy2SGFYKZPMUIIMifq10/n73AP6uVFKzpbe9yIPH+1zBZu+B5DHZAMv3pEDu6uiTQ+ASt9R5aPw==;EndpointSuffix=core.windows.net",
            "primary_dfs_endpoint": "https://diageb1782e8aeb9e2ff.dfs.core.windows.net/",
            "primary_dfs_host": "diageb1782e8aeb9e2ff.dfs.core.windows.net",
            "primary_file_endpoint": "https://diageb1782e8aeb9e2ff.file.core.windows.net/",
            "primary_file_host": "diageb1782e8aeb9e2ff.file.core.windows.net",
            "primary_location": "westeurope",
            "primary_queue_endpoint": "https://diageb1782e8aeb9e2ff.queue.core.windows.net/",
            "primary_queue_host": "diageb1782e8aeb9e2ff.queue.core.windows.net",
            "primary_table_endpoint": "https://diageb1782e8aeb9e2ff.table.core.windows.net/",
            "primary_table_host": "diageb1782e8aeb9e2ff.table.core.windows.net",
            "primary_web_endpoint": "https://diageb1782e8aeb9e2ff.z6.web.core.windows.net/",
            "primary_web_host": "diageb1782e8aeb9e2ff.z6.web.core.windows.net",
            "public_network_access_enabled": true,
            "queue_encryption_key_type": "Service",
            "queue_properties": [
              {
                "cors_rule": [],
                "hour_metrics": [
                  {
                    "enabled": true,
                    "include_apis": true,
                    "retention_policy_days": 7,
                    "version": "1.0"
                  }
                ],
                "logging": [
                  {
                    "delete": false,
                    "read": false,
                    "retention_policy_days": 0,
                    "version": "1.0",
                    "write": false
                  }
                ],
                "minute_metrics": [
                  {
                    "enabled": false,
                    "include_apis": false,
                    "retention_policy_days": 0,
                    "version": "1.0"
                  }
                ]
              }
            ],
            "resource_group_name": "rg-gaming-489",
            "routing": [],
            "sas_policy": [],
            "secondary_access_key": "iw5El4schUqOtpRV7vWrHOwiBXC6443O1qwjWz5IuThJZ+NPAIR4TTi4NNnbZ8XzynlpDWmD3V3Y+ASttU5XCw==",
            "secondary_blob_connection_string": "",
            "secondary_blob_endpoint": null,
            "secondary_blob_host": null,
            "secondary_connection_string": "DefaultEndpointsProtocol=https;AccountName=diageb1782e8aeb9e2ff;AccountKey=iw5El4schUqOtpRV7vWrHOwiBXC6443O1qwjWz5IuThJZ+NPAIR4TTi4NNnbZ8XzynlpDWmD3V3Y+ASttU5XCw==;EndpointSuffix=core.windows.net",
            "secondary_dfs_endpoint": null,
            "secondary_dfs_host": null,
            "secondary_file_endpoint": null,
            "secondary_file_host": null,
            "secondary_location": "",
            "secondary_queue_endpoint": null,
            "secondary_queue_host": null,
            "secondary_table_endpoint": null,
            "secondary_table_host": null,
            "secondary_web_endpoint": null,
            "secondary_web_host": null,
            "sftp_enabled": false,
            "share_properties": [
              {
                "cors_rule": [],
                "retention_policy": [
                  {
                    "days": 7
                  }
                ],
                "smb": []
              }
            ],
            "shared_access_key_enabled": true,
            "static_website": [],
            "table_encryption_key_type": "Service",
            "tags": {},
            "timeouts": null
          },
          "sensitive_attributes": [],
          "private": "eyJlMmJmYjczMC1lY2FhLTExZTYtOGY4OC0zNDM2M2JjN2M0YzAiOnsiY3JlYXRlIjozNjAwMDAwMDAwMDAwLCJkZWxldGUiOjM2MDAwMDAwMDAwMDAsInJlYWQiOjMwMDAwMDAwMDAwMCwidXBkYXRlIjozNjAwMDAwMDAwMDAwfSwic2NoZW1hX3ZlcnNpb24iOiIzIn0=",
          "dependencies": [
            "azurerm_resource_group.rg",
            "random_id.random_id"
          ]
        }
      ]
    },
    {
      "mode": "managed",
      "type": "azurerm_subnet",
      "name": "subnet",
      "provider": "provider[\"registry.terraform.io/hashicorp/azurerm\"]",
      "instances": [
        {
          "schema_version": 0,
          "attributes": {
            "address_prefixes": [
              "10.0.2.0/24"
            ],
            "delegation": [],
            "enforce_private_link_endpoint_network_policies": false,
            "enforce_private_link_service_network_policies": false,
            "id": "/subscriptions/52ab4a40-5faa-4f34-b0f2-6bad00c12511/resourceGroups/rg-gaming-489/providers/Microsoft.Network/virtualNetworks/testVnetwork/subnets/testSubnet",
            "name": "testSubnet",
            "private_endpoint_network_policies_enabled": true,
            "private_link_service_network_policies_enabled": true,
            "resource_group_name": "rg-gaming-489",
            "service_endpoint_policy_ids": [],
            "service_endpoints": [],
            "timeouts": null,
            "virtual_network_name": "testVnetwork"
          },
          "sensitive_attributes": [],
          "private": "eyJlMmJmYjczMC1lY2FhLTExZTYtOGY4OC0zNDM2M2JjN2M0YzAiOnsiY3JlYXRlIjoxODAwMDAwMDAwMDAwLCJkZWxldGUiOjE4MDAwMDAwMDAwMDAsInJlYWQiOjMwMDAwMDAwMDAwMCwidXBkYXRlIjoxODAwMDAwMDAwMDAwfX0=",
          "dependencies": [
            "azurerm_resource_group.rg",
            "azurerm_virtual_network.vnet"
          ]
        }
      ]
    },
    {
      "mode": "managed",
      "type": "azurerm_virtual_machine_extension",
      "name": "vmextension",
      "provider": "provider[\"registry.terraform.io/hashicorp/azurerm\"]",
      "instances": [
        {
          "schema_version": 0,
          "attributes": {
            "auto_upgrade_minor_version": false,
            "automatic_upgrade_enabled": false,
            "failure_suppression_enabled": false,
            "id": "/subscriptions/52ab4a40-5faa-4f34-b0f2-6bad00c12511/resourceGroups/rg-gaming-489/providers/Microsoft.Compute/virtualMachines/test2/extensions/hostname",
            "name": "hostname",
            "protected_settings": null,
            "protected_settings_from_key_vault": [],
            "publisher": "Microsoft.Azure.Extensions",
            "settings": "{\"commandToExecute\":\"sudo apt update \\u0026\\u0026 sudo apt install nsnake\"}",
            "tags": {
              "environment": "Production"
            },
            "timeouts": null,
            "type": "CustomScript",
            "type_handler_version": "2.0",
            "virtual_machine_id": "/subscriptions/52ab4a40-5faa-4f34-b0f2-6bad00c12511/resourceGroups/rg-gaming-489/providers/Microsoft.Compute/virtualMachines/test2"
          },
          "sensitive_attributes": [],
          "private": "eyJlMmJmYjczMC1lY2FhLTExZTYtOGY4OC0zNDM2M2JjN2M0YzAiOnsiY3JlYXRlIjoxODAwMDAwMDAwMDAwLCJkZWxldGUiOjE4MDAwMDAwMDAwMDAsInJlYWQiOjMwMDAwMDAwMDAwMCwidXBkYXRlIjoxODAwMDAwMDAwMDAwfX0=",
          "dependencies": [
            "azurerm_linux_virtual_machine.vm",
            "azurerm_network_interface.vmnic",
            "azurerm_public_ip.vmpublicip",
            "azurerm_resource_group.rg",
            "azurerm_storage_account.my_storage_account",
            "azurerm_subnet.subnet",
            "azurerm_virtual_network.vnet",
            "random_id.random_id",
            "tls_private_key.example_ssh"
          ]
        }
      ]
    },
    {
      "mode": "managed",
      "type": "azurerm_virtual_network",
      "name": "vnet",
      "provider": "provider[\"registry.terraform.io/hashicorp/azurerm\"]",
      "instances": [
        {
          "schema_version": 0,
          "attributes": {
            "address_space": [
              "10.0.0.0/16"
            ],
            "bgp_community": "",
            "ddos_protection_plan": [],
            "dns_servers": [],
            "edge_zone": "",
            "flow_timeout_in_minutes": 0,
            "guid": "583fc95c-33c4-4686-8dbd-ae3e997eeb9e",
            "id": "/subscriptions/52ab4a40-5faa-4f34-b0f2-6bad00c12511/resourceGroups/rg-gaming-489/providers/Microsoft.Network/virtualNetworks/testVnetwork",
            "location": "westeurope",
            "name": "testVnetwork",
            "resource_group_name": "rg-gaming-489",
            "subnet": [
              {
                "address_prefix": "10.0.2.0/24",
                "id": "/subscriptions/52ab4a40-5faa-4f34-b0f2-6bad00c12511/resourceGroups/rg-gaming-489/providers/Microsoft.Network/virtualNetworks/testVnetwork/subnets/testSubnet",
                "name": "testSubnet",
                "security_group": ""
              }
            ],
            "tags": {},
            "timeouts": null
          },
          "sensitive_attributes": [],
          "private": "eyJlMmJmYjczMC1lY2FhLTExZTYtOGY4OC0zNDM2M2JjN2M0YzAiOnsiY3JlYXRlIjoxODAwMDAwMDAwMDAwLCJkZWxldGUiOjE4MDAwMDAwMDAwMDAsInJlYWQiOjMwMDAwMDAwMDAwMCwidXBkYXRlIjoxODAwMDAwMDAwMDAwfX0=",
          "dependencies": [
            "azurerm_resource_group.rg"
          ]
        }
      ]
    },
    {
      "mode": "managed",
      "type": "azurerm_windows_web_app",
      "name": "webapp_gaming",
      "provider": "provider[\"registry.terraform.io/hashicorp/azurerm\"]",
      "instances": [
        {
          "schema_version": 0,
          "attributes": {
            "app_settings": null,
            "auth_settings": [
              {
                "active_directory": [],
                "additional_login_parameters": {},
                "allowed_external_redirect_urls": [],
                "default_provider": "",
                "enabled": false,
                "facebook": [],
                "github": [],
                "google": [],
                "issuer": "",
                "microsoft": [],
                "runtime_version": "",
                "token_refresh_extension_hours": 0,
                "token_store_enabled": false,
                "twitter": [],
                "unauthenticated_client_action": ""
              }
            ],
            "backup": [],
            "client_affinity_enabled": false,
            "client_certificate_enabled": false,
            "client_certificate_exclusion_paths": "",
            "client_certificate_mode": "Required",
            "connection_string": [],
            "custom_domain_verification_id": "F24618F97285CE7B19C9805FDAC89468B565709074C7FFEDA51CD106B2AA8B14",
            "default_hostname": "cloudplaywebapp.azurewebsites.net",
            "enabled": true,
            "https_only": false,
            "id": "/subscriptions/52ab4a40-5faa-4f34-b0f2-6bad00c12511/resourceGroups/rg-gaming-489/providers/Microsoft.Web/sites/cloudplaywebapp",
            "identity": [],
            "key_vault_reference_identity_id": "SystemAssigned",
            "kind": "app",
            "location": "westeurope",
            "logs": [],
            "name": "cloudplaywebapp",
            "outbound_ip_address_list": [
              "20.23.78.230",
              "20.13.96.13",
              "20.13.100.118",
              "20.13.101.63",
              "20.13.102.185",
              "20.13.102.195",
              "20.105.216.5"
            ],
            "outbound_ip_addresses": "20.23.78.230,20.13.96.13,20.13.100.118,20.13.101.63,20.13.102.185,20.13.102.195,20.105.216.5",
            "possible_outbound_ip_address_list": [
              "20.23.78.230",
              "20.13.96.13",
              "20.13.100.118",
              "20.13.101.63",
              "20.13.102.185",
              "20.13.102.195",
              "20.13.102.204",
              "20.13.102.206",
              "20.13.102.222",
              "20.13.102.235",
              "20.13.102.255",
              "20.13.103.1",
              "20.13.103.6",
              "20.13.103.13",
              "20.13.103.24",
              "20.23.79.191",
              "20.13.103.28",
              "20.13.103.30",
              "20.13.103.50",
              "20.13.103.54",
              "20.13.103.77",
              "20.13.103.89",
              "20.13.103.97",
              "20.13.103.102",
              "20.13.102.153",
              "20.13.103.132",
              "20.13.99.107",
              "20.13.102.105",
              "20.23.78.212",
              "20.13.99.19",
              "20.105.216.5"
            ],
            "possible_outbound_ip_addresses": "20.23.78.230,20.13.96.13,20.13.100.118,20.13.101.63,20.13.102.185,20.13.102.195,20.13.102.204,20.13.102.206,20.13.102.222,20.13.102.235,20.13.102.255,20.13.103.1,20.13.103.6,20.13.103.13,20.13.103.24,20.23.79.191,20.13.103.28,20.13.103.30,20.13.103.50,20.13.103.54,20.13.103.77,20.13.103.89,20.13.103.97,20.13.103.102,20.13.102.153,20.13.103.132,20.13.99.107,20.13.102.105,20.23.78.212,20.13.99.19,20.105.216.5",
            "resource_group_name": "rg-gaming-489",
            "service_plan_id": "/subscriptions/52ab4a40-5faa-4f34-b0f2-6bad00c12511/resourceGroups/rg-gaming-489/providers/Microsoft.Web/serverfarms/asp-gaming-001",
            "site_config": [
              {
                "always_on": true,
                "api_definition_url": "",
                "api_management_api_id": "",
                "app_command_line": "",
                "application_stack": [
                  {
                    "current_stack": "dotnet",
                    "docker_container_name": "",
                    "docker_container_registry": "",
                    "docker_container_tag": "",
                    "dotnet_core_version": "",
                    "dotnet_version": "v7.0",
                    "java_container": "",
                    "java_container_version": "",
                    "java_embedded_server_enabled": false,
                    "java_version": "",
                    "node_version": "",
                    "php_version": "5.6",
                    "python": false,
                    "python_version": "",
                    "tomcat_version": ""
                  }
                ],
                "auto_heal_enabled": false,
                "auto_heal_setting": [],
                "container_registry_managed_identity_client_id": "",
                "container_registry_use_managed_identity": false,
                "cors": [],
                "default_documents": [
                  "Default.htm",
                  "Default.html",
                  "Default.asp",
                  "index.htm",
                  "index.html",
                  "iisstart.htm",
                  "default.aspx",
                  "index.php",
                  "hostingstart.html"
                ],
                "detailed_error_logging_enabled": false,
                "ftps_state": "Disabled",
                "health_check_eviction_time_in_min": 0,
                "health_check_path": "",
                "http2_enabled": false,
                "ip_restriction": [],
                "linux_fx_version": "",
                "load_balancing_mode": "LeastRequests",
                "local_mysql_enabled": false,
                "managed_pipeline_mode": "Integrated",
                "minimum_tls_version": "1.2",
                "remote_debugging_enabled": false,
                "remote_debugging_version": "VS2019",
                "scm_ip_restriction": [],
                "scm_minimum_tls_version": "1.2",
                "scm_type": "None",
                "scm_use_main_ip_restriction": false,
                "use_32_bit_worker": true,
                "virtual_application": [],
                "vnet_route_all_enabled": false,
                "websockets_enabled": false,
                "windows_fx_version": "",
                "worker_count": 1
              }
            ],
            "site_credential": [
              {
                "name": "$cloudplaywebapp",
                "password": "apqZKEddijFChFCzgfgsrKlEEpzadxmPNgmDB3oqgA27fcEZS3gGsrcj82Hj"
              }
            ],
            "sticky_settings": [],
            "storage_account": [],
            "tags": null,
            "timeouts": null,
            "virtual_network_subnet_id": "",
            "zip_deploy_file": ""
          },
          "sensitive_attributes": [],
          "private": "eyJlMmJmYjczMC1lY2FhLTExZTYtOGY4OC0zNDM2M2JjN2M0YzAiOnsiY3JlYXRlIjoxODAwMDAwMDAwMDAwLCJkZWxldGUiOjE4MDAwMDAwMDAwMDAsInJlYWQiOjMwMDAwMDAwMDAwMCwidXBkYXRlIjoxODAwMDAwMDAwMDAwfX0=",
          "dependencies": [
            "azurerm_resource_group.rg",
            "azurerm_service_plan.asp_gaming"
          ]
        }
      ]
    },
    {
      "mode": "managed",
      "type": "random_id",
      "name": "random_id",
      "provider": "provider[\"registry.terraform.io/hashicorp/random\"]",
      "instances": [
        {
          "schema_version": 0,
          "attributes": {
            "b64_std": "6xeC6K654v8=",
            "b64_url": "6xeC6K654v8",
            "byte_length": 8,
            "dec": "16940152459252851455",
            "hex": "eb1782e8aeb9e2ff",
            "id": "6xeC6K654v8",
            "keepers": {
              "resource_group": "rg-gaming-489"
            },
            "prefix": null
          },
          "sensitive_attributes": [],
          "dependencies": [
            "azurerm_resource_group.rg"
          ]
        }
      ]
    },
    {
      "mode": "managed",
      "type": "tls_private_key",
      "name": "example_ssh",
      "provider": "provider[\"registry.terraform.io/hashicorp/tls\"]",
      "instances": [
        {
          "schema_version": 1,
          "attributes": {
            "algorithm": "RSA",
            "ecdsa_curve": "P224",
            "id": "a6675107e900eaf556e5e5f0b08842d02d422669",
            "private_key_openssh": "-----BEGIN OPENSSH PRIVATE KEY-----\nb3BlbnNzaC1rZXktdjEAAAAABG5vbmUAAAAEbm9uZQAAAAAAAAABAAACFwAAAAdz\nc2gtcnNhAAAAAwEAAQAAAgEA8k5cxyYCPUkkMluTQ3e/ozDsevke5XZrKTVcdAoE\nqkbXGRsmXV69kgLn20hbB96+Vp4TBjMP4I+0s7U7rLVXvBwWrlqZx3J8ceiU9ccQ\nXzfNKeudGHkWyRoTZD/Nmi/T7WRkLuTnYc2pmyuUrLtwZLDlKUb+Ro80IPKdZIhr\nlIh22pfXVMwjoWbErNID1Axq4A7Mr9yuAY9gXan9GzBDCj0ZC+UWAWZrBxXe6S34\nyOU0Mmkye9J4MG6M5UC/SzVuBz83kZetWfw8dH40pdA35yVh5aG10O5Nxzjv7x+F\nISGhNGwRYl+fiwLk+dMdekfqrvvQIm2Jb1JWIwQnydIcvQAU8NKRYF00NHuiPV3T\nzFOOf5bxOwWFfyqdhNTp88BjtB0eK0yOgm62llJvbUHZL0vfpvzf6tZc72eoOtDH\nt0imkhRdjKIB4chsWXpKCNCcXPznHfUqSageKzkOFeL6xcaaasK3CFjjOeBmIZAo\nAC8rgQbOFX2ymPxPwHp/k3MRWhEQ9OqvA+jZ3H9nkuN2po/EyknuVdCkGovQzaff\nYxV6hb/JXe9lqNGmDk59lyAdG4ofYYpAlV4NhSsE9+LRemiIwpXhx86Z9cw0TtMJ\nK+gJr4z4sTfZ03dFYAh8QktDPgxpr1Ut1NDyksXIktFZO9W657fgWDhqFLpKMn5x\ns+8AAAc4Z7b3eme293oAAAAHc3NoLXJzYQAAAgEA8k5cxyYCPUkkMluTQ3e/ozDs\nevke5XZrKTVcdAoEqkbXGRsmXV69kgLn20hbB96+Vp4TBjMP4I+0s7U7rLVXvBwW\nrlqZx3J8ceiU9ccQXzfNKeudGHkWyRoTZD/Nmi/T7WRkLuTnYc2pmyuUrLtwZLDl\nKUb+Ro80IPKdZIhrlIh22pfXVMwjoWbErNID1Axq4A7Mr9yuAY9gXan9GzBDCj0Z\nC+UWAWZrBxXe6S34yOU0Mmkye9J4MG6M5UC/SzVuBz83kZetWfw8dH40pdA35yVh\n5aG10O5Nxzjv7x+FISGhNGwRYl+fiwLk+dMdekfqrvvQIm2Jb1JWIwQnydIcvQAU\n8NKRYF00NHuiPV3TzFOOf5bxOwWFfyqdhNTp88BjtB0eK0yOgm62llJvbUHZL0vf\npvzf6tZc72eoOtDHt0imkhRdjKIB4chsWXpKCNCcXPznHfUqSageKzkOFeL6xcaa\nasK3CFjjOeBmIZAoAC8rgQbOFX2ymPxPwHp/k3MRWhEQ9OqvA+jZ3H9nkuN2po/E\nyknuVdCkGovQzaffYxV6hb/JXe9lqNGmDk59lyAdG4ofYYpAlV4NhSsE9+LRemiI\nwpXhx86Z9cw0TtMJK+gJr4z4sTfZ03dFYAh8QktDPgxpr1Ut1NDyksXIktFZO9W6\n57fgWDhqFLpKMn5xs+8AAAADAQABAAACAGWyQfpLl5EFS63fBXXBoqrpc7dBK5h/\nFQbcoIsLUV3uEYU2AeoaQ1Iu6gT830f0Usqj2bQ2ZimH5v2tyPf5vHL1DwfqerRc\n9qIQTcTB4bs0/mTjwLFu0QNicFUY+kAGZtox0mJkLEC+QrsflWzR1qBMJkImy73t\niKFzcl+pag2TIN8p73RloWaybUVjd7vd4lVboMkGw/lfpcBqAhMRNHHtpr95TL0V\nsUHuCfqwEsSufjPSNyAE+/DH1Va60A7Ow/lCrR3sHROxa+YwugQF2hCnfekU7+xa\nuEYvPXSNNCDtrm0EFl/FZn6/nj7EPpD98h+zDG4GrzILyp8ztUddajWP59suTIxy\njvcz/zB6ZfvxCARx/qwjKYcmGofjYr/Xq8PRYg+ausscQd9XLlNENRzbI8ZW2n0A\nS3SknnhUT8L0QqlGUVx8kfHxLHk2LrshFG1nMQn5XBYQ27iTInsSNFYFxhCNo605\nk8rb0UGxhe2KS+QzsFZwxnYDfKwKAjdaTlQ8sLCgZoHSH+d8hTIC3nbltsblIW/j\nar0ae3fJ90dGBmGp9ZpYToJvkyyQfb9jTpS/RNONahfSXHSkuYXPU27hJYaiqIFH\nmdo3LqdENLts6yV6v2gLn+HoJtQ9WtcO67lxVOiikdANhpteQIW1AZuyM5SM3Uee\na75KNjugroHhAAABAG5BTsETAPZDim2zYrVURavesfdySNYsZC06ezgJkkGP9zAd\n/pbbolBJZ8By1pGH2inANxHXaLn7l2Uos08PCveo1WtSFtEVoC7s+5r28RF8dZ93\nVdc9BnuHm/48VBeflZFeEB7Cype4c9w6+K+BTR4rATIl6KFuw7pP+XliXtiQRZdg\nfMa6EoFfnf+0+qQUB+JaSVrZdG+Yy8n62BfdSQBn4jm19Bw7+8iEQ9TnBfddaMxP\nFzTfBYFvdc91cLSICPZLMxZG40q9kHzcKjC1KMy03JAuf8nn4iCjQ2kBTF2cBWov\n041HDPa8JNVRlMgMV5U76cppTisODl+o4tA99JsAAAEBAPx297ueDXff7kdlH8fE\nIyCX3o36b3FvpbKDqv0wpH8xhWv0updtZlHx/tp3hCx2baJyQh1Jd2XQLFT7SfSY\njFMjD1BMO4F28GddX6MiMucqS2UdR/0kaKHmDaHH6XpPrshDGqKOe5OV6Juqf6m9\niDdr2KuGi6wh9S0eKt7taJdOy18m40QeVjNpmKFolGjjQvKtlrm3vUH0J1dMSnzx\nRD/w0sj7VkODWA3zZiLReBWk7GwPQQa+Gsv1X87pIMy1VQ1cvFUn5lix0DK8xGPx\nBh8l6S4nhehh9hW/+xNSxHeCrv341KY727TRrfvUYtKAPHa1GxfUysFXqGprgkiV\nXqkAAAEBAPWy+m2tGroJyGHbuNmzWbBPrxHoM1XJeQ0qdG8IONbgNedUgQ/elZ2W\nTVZffnAzViAt9kMvJNfycTUVK83B6OW2woKYin8ZNLIsysvlBG4rG3F+vFCbZJlF\n0iPRy8uSFsTlpvHTYdp+eSmEnRch8Cg03bomjYy4ujPe/3p9xbRWlyeonASTE+T2\ng4YE9tivLqLdMbPpfJwQpUGnZIi8QqK0uB31BhJKfeckjjA62v8YtjOVu0Tuq9HF\nSP6u1Lbn4CS4zheiVZyYVMuWMayAmEiPBWYWQeX7kGSC1zDY9oX5oFbPLBs87SWr\n4ISsUZkvBoVRkgYW3ZCBOfFOJrMKFNcAAAAAAQID\n-----END OPENSSH PRIVATE KEY-----\n",
            "private_key_pem": "-----BEGIN RSA PRIVATE KEY-----\nMIIJKQIBAAKCAgEA8k5cxyYCPUkkMluTQ3e/ozDsevke5XZrKTVcdAoEqkbXGRsm\nXV69kgLn20hbB96+Vp4TBjMP4I+0s7U7rLVXvBwWrlqZx3J8ceiU9ccQXzfNKeud\nGHkWyRoTZD/Nmi/T7WRkLuTnYc2pmyuUrLtwZLDlKUb+Ro80IPKdZIhrlIh22pfX\nVMwjoWbErNID1Axq4A7Mr9yuAY9gXan9GzBDCj0ZC+UWAWZrBxXe6S34yOU0Mmky\ne9J4MG6M5UC/SzVuBz83kZetWfw8dH40pdA35yVh5aG10O5Nxzjv7x+FISGhNGwR\nYl+fiwLk+dMdekfqrvvQIm2Jb1JWIwQnydIcvQAU8NKRYF00NHuiPV3TzFOOf5bx\nOwWFfyqdhNTp88BjtB0eK0yOgm62llJvbUHZL0vfpvzf6tZc72eoOtDHt0imkhRd\njKIB4chsWXpKCNCcXPznHfUqSageKzkOFeL6xcaaasK3CFjjOeBmIZAoAC8rgQbO\nFX2ymPxPwHp/k3MRWhEQ9OqvA+jZ3H9nkuN2po/EyknuVdCkGovQzaffYxV6hb/J\nXe9lqNGmDk59lyAdG4ofYYpAlV4NhSsE9+LRemiIwpXhx86Z9cw0TtMJK+gJr4z4\nsTfZ03dFYAh8QktDPgxpr1Ut1NDyksXIktFZO9W657fgWDhqFLpKMn5xs+8CAwEA\nAQKCAgBlskH6S5eRBUut3wV1waKq6XO3QSuYfxUG3KCLC1Fd7hGFNgHqGkNSLuoE\n/N9H9FLKo9m0NmYph+b9rcj3+bxy9Q8H6nq0XPaiEE3EweG7NP5k48CxbtEDYnBV\nGPpABmbaMdJiZCxAvkK7H5Vs0dagTCZCJsu97Yihc3JfqWoNkyDfKe90ZaFmsm1F\nY3e73eJVW6DJBsP5X6XAagITETRx7aa/eUy9FbFB7gn6sBLErn4z0jcgBPvwx9VW\nutAOzsP5Qq0d7B0TsWvmMLoEBdoQp33pFO/sWrhGLz10jTQg7a5tBBZfxWZ+v54+\nxD6Q/fIfswxuBq8yC8qfM7VHXWo1j+fbLkyMco73M/8wemX78QgEcf6sIymHJhqH\n42K/16vD0WIPmrrLHEHfVy5TRDUc2yPGVtp9AEt0pJ54VE/C9EKpRlFcfJHx8Sx5\nNi67IRRtZzEJ+VwWENu4kyJ7EjRWBcYQjaOtOZPK29FBsYXtikvkM7BWcMZ2A3ys\nCgI3Wk5UPLCwoGaB0h/nfIUyAt525bbG5SFv42q9Gnt3yfdHRgZhqfWaWE6Cb5Ms\nkH2/Y06Uv0TTjWoX0lx0pLmFz1Nu4SWGoqiBR5naNy6nRDS7bOsler9oC5/h6CbU\nPVrXDuu5cVToopHQDYabXkCFtQGbsjOUjN1Hnmu+SjY7oK6B4QKCAQEA/Hb3u54N\nd9/uR2Ufx8QjIJfejfpvcW+lsoOq/TCkfzGFa/S6l21mUfH+2neELHZtonJCHUl3\nZdAsVPtJ9JiMUyMPUEw7gXbwZ11foyIy5ypLZR1H/SRooeYNocfpek+uyEMaoo57\nk5Xom6p/qb2IN2vYq4aLrCH1LR4q3u1ol07LXybjRB5WM2mYoWiUaONC8q2Wube9\nQfQnV0xKfPFEP/DSyPtWQ4NYDfNmItF4FaTsbA9BBr4ay/VfzukgzLVVDVy8VSfm\nWLHQMrzEY/EGHyXpLieF6GH2Fb/7E1LEd4Ku/fjUpjvbtNGt+9Ri0oA8drUbF9TK\nwVeoamuCSJVeqQKCAQEA9bL6ba0augnIYdu42bNZsE+vEegzVcl5DSp0bwg41uA1\n51SBD96VnZZNVl9+cDNWIC32Qy8k1/JxNRUrzcHo5bbCgpiKfxk0sizKy+UEbisb\ncX68UJtkmUXSI9HLy5IWxOWm8dNh2n55KYSdFyHwKDTduiaNjLi6M97/en3FtFaX\nJ6icBJMT5PaDhgT22K8uot0xs+l8nBClQadkiLxCorS4HfUGEkp95ySOMDra/xi2\nM5W7RO6r0cVI/q7UtufgJLjOF6JVnJhUy5YxrICYSI8FZhZB5fuQZILXMNj2hfmg\nVs8sGzztJavghKxRmS8GhVGSBhbdkIE58U4mswoU1wKCAQEAonzfTP2YpYKWlZTc\nM3JlOWEFeFOqzlORTae4sWRROxvgR28neLaMmEksQeeSRhuizF7FdpwGIJ0vKzLg\nknBsQEXcYU3vLpAigiRynUgxgt6Rz+5cmuyH+0tZkrpb5sDKOVIXHnCd0Is3Ppkp\nuVGnDiR3O05JLuxcJEG6Teh23It2ETOyKfFsgYKBHcF1Y1yBhjd7PuSnBn/hoioT\n9v5BcvXIdFpvVtx+G9x/7ADtTODs2U+oBnLsREEU/NLGrXo313XMMPKRKpym50Df\nFYPW8M0xmucNJFeITs9VBUbL9C9D+WnhU2xLJ8GcPOyg/eJTCAPgACKQrIeCeZvg\nKl8YoQKCAQEAxRq62gd3nG1CqnaZGVRPDCkwmh38KMMC8HPxii0/Y+nkdFsPWorG\n3e/4xOTAywP0AMa+e3EzjmW5OcttI5h+3OG7swbqfEHdS16xpdZosnS0hF0Wd1fh\n4S/o/8FLS1k8GOLfBbr9EkpJquvvFeKtBaQ7iB1risua3Qf1Te/eDek1Q6R43Rac\nbB7yri4HVRdcQ11NhTY3OAAGgt/lv+e/UUXHOokZQM0vqaFizAA7NVA+wq1I2Wja\nv+MTxvS8QqtL3km/U6hwI7r0s4oe+XMEN5k8zIPog7ZHRMrOFSrIwfvbDCkRChzb\nZlA3Qlf28fuOsJ8alPX88vMoZ5O5agIZawKCAQBuQU7BEwD2Q4pts2K1VEWr3rH3\nckjWLGQtOns4CZJBj/cwHf6W26JQSWfActaRh9opwDcR12i5+5dlKLNPDwr3qNVr\nUhbRFaAu7Pua9vERfHWfd1XXPQZ7h5v+PFQXn5WRXhAewsqXuHPcOvivgU0eKwEy\nJeihbsO6T/l5Yl7YkEWXYHzGuhKBX53/tPqkFAfiWkla2XRvmMvJ+tgX3UkAZ+I5\ntfQcO/vIhEPU5wX3XWjMTxc03wWBb3XPdXC0iAj2SzMWRuNKvZB83CowtSjMtNyQ\nLn/J5+Igo0NpAUxdnAVqL9ONRwz2vCTVUZTIDFeVO+nKaU4rDg5fqOLQPfSb\n-----END RSA PRIVATE KEY-----\n",
            "private_key_pem_pkcs8": "-----BEGIN PRIVATE KEY-----\nMIIJQwIBADANBgkqhkiG9w0BAQEFAASCCS0wggkpAgEAAoICAQDyTlzHJgI9SSQy\nW5NDd7+jMOx6+R7ldmspNVx0CgSqRtcZGyZdXr2SAufbSFsH3r5WnhMGMw/gj7Sz\ntTustVe8HBauWpnHcnxx6JT1xxBfN80p650YeRbJGhNkP82aL9PtZGQu5Odhzamb\nK5Ssu3BksOUpRv5GjzQg8p1kiGuUiHbal9dUzCOhZsSs0gPUDGrgDsyv3K4Bj2Bd\nqf0bMEMKPRkL5RYBZmsHFd7pLfjI5TQyaTJ70ngwbozlQL9LNW4HPzeRl61Z/Dx0\nfjSl0DfnJWHlobXQ7k3HOO/vH4UhIaE0bBFiX5+LAuT50x16R+qu+9AibYlvUlYj\nBCfJ0hy9ABTw0pFgXTQ0e6I9XdPMU45/lvE7BYV/Kp2E1OnzwGO0HR4rTI6CbraW\nUm9tQdkvS9+m/N/q1lzvZ6g60Me3SKaSFF2MogHhyGxZekoI0Jxc/Ocd9SpJqB4r\nOQ4V4vrFxppqwrcIWOM54GYhkCgALyuBBs4VfbKY/E/Aen+TcxFaERD06q8D6Nnc\nf2eS43amj8TKSe5V0KQai9DNp99jFXqFv8ld72Wo0aYOTn2XIB0bih9hikCVXg2F\nKwT34tF6aIjCleHHzpn1zDRO0wkr6AmvjPixN9nTd0VgCHxCS0M+DGmvVS3U0PKS\nxciS0Vk71brnt+BYOGoUukoyfnGz7wIDAQABAoICAGWyQfpLl5EFS63fBXXBoqrp\nc7dBK5h/FQbcoIsLUV3uEYU2AeoaQ1Iu6gT830f0Usqj2bQ2ZimH5v2tyPf5vHL1\nDwfqerRc9qIQTcTB4bs0/mTjwLFu0QNicFUY+kAGZtox0mJkLEC+QrsflWzR1qBM\nJkImy73tiKFzcl+pag2TIN8p73RloWaybUVjd7vd4lVboMkGw/lfpcBqAhMRNHHt\npr95TL0VsUHuCfqwEsSufjPSNyAE+/DH1Va60A7Ow/lCrR3sHROxa+YwugQF2hCn\nfekU7+xauEYvPXSNNCDtrm0EFl/FZn6/nj7EPpD98h+zDG4GrzILyp8ztUddajWP\n59suTIxyjvcz/zB6ZfvxCARx/qwjKYcmGofjYr/Xq8PRYg+ausscQd9XLlNENRzb\nI8ZW2n0AS3SknnhUT8L0QqlGUVx8kfHxLHk2LrshFG1nMQn5XBYQ27iTInsSNFYF\nxhCNo605k8rb0UGxhe2KS+QzsFZwxnYDfKwKAjdaTlQ8sLCgZoHSH+d8hTIC3nbl\ntsblIW/jar0ae3fJ90dGBmGp9ZpYToJvkyyQfb9jTpS/RNONahfSXHSkuYXPU27h\nJYaiqIFHmdo3LqdENLts6yV6v2gLn+HoJtQ9WtcO67lxVOiikdANhpteQIW1AZuy\nM5SM3Ueea75KNjugroHhAoIBAQD8dve7ng133+5HZR/HxCMgl96N+m9xb6Wyg6r9\nMKR/MYVr9LqXbWZR8f7ad4Qsdm2ickIdSXdl0CxU+0n0mIxTIw9QTDuBdvBnXV+j\nIjLnKktlHUf9JGih5g2hx+l6T67IQxqijnuTleibqn+pvYg3a9irhousIfUtHire\n7WiXTstfJuNEHlYzaZihaJRo40LyrZa5t71B9CdXTEp88UQ/8NLI+1ZDg1gN82Yi\n0XgVpOxsD0EGvhrL9V/O6SDMtVUNXLxVJ+ZYsdAyvMRj8QYfJekuJ4XoYfYVv/sT\nUsR3gq79+NSmO9u00a371GLSgDx2tRsX1MrBV6hqa4JIlV6pAoIBAQD1svptrRq6\nCchh27jZs1mwT68R6DNVyXkNKnRvCDjW4DXnVIEP3pWdlk1WX35wM1YgLfZDLyTX\n8nE1FSvNwejltsKCmIp/GTSyLMrL5QRuKxtxfrxQm2SZRdIj0cvLkhbE5abx02Ha\nfnkphJ0XIfAoNN26Jo2MuLoz3v96fcW0VpcnqJwEkxPk9oOGBPbYry6i3TGz6Xyc\nEKVBp2SIvEKitLgd9QYSSn3nJI4wOtr/GLYzlbtE7qvRxUj+rtS25+AkuM4XolWc\nmFTLljGsgJhIjwVmFkHl+5Bkgtcw2PaF+aBWzywbPO0lq+CErFGZLwaFUZIGFt2Q\ngTnxTiazChTXAoIBAQCifN9M/ZilgpaVlNwzcmU5YQV4U6rOU5FNp7ixZFE7G+BH\nbyd4toyYSSxB55JGG6LMXsV2nAYgnS8rMuCScGxARdxhTe8ukCKCJHKdSDGC3pHP\n7lya7If7S1mSulvmwMo5UhcecJ3Qizc+mSm5UacOJHc7Tkku7FwkQbpN6Hbci3YR\nM7Ip8WyBgoEdwXVjXIGGN3s+5KcGf+GiKhP2/kFy9ch0Wm9W3H4b3H/sAO1M4OzZ\nT6gGcuxEQRT80satejfXdcww8pEqnKbnQN8Vg9bwzTGa5w0kV4hOz1UFRsv0L0P5\naeFTbEsnwZw87KD94lMIA+AAIpCsh4J5m+AqXxihAoIBAQDFGrraB3ecbUKqdpkZ\nVE8MKTCaHfwowwLwc/GKLT9j6eR0Ww9aisbd7/jE5MDLA/QAxr57cTOOZbk5y20j\nmH7c4buzBup8Qd1LXrGl1miydLSEXRZ3V+HhL+j/wUtLWTwY4t8Fuv0SSkmq6+8V\n4q0FpDuIHWuKy5rdB/VN794N6TVDpHjdFpxsHvKuLgdVF1xDXU2FNjc4AAaC3+W/\n579RRcc6iRlAzS+poWLMADs1UD7CrUjZaNq/4xPG9LxCq0veSb9TqHAjuvSzih75\ncwQ3mTzMg+iDtkdEys4VKsjB+9sMKREKHNtmUDdCV/bx+46wnxqU9fzy8yhnk7lq\nAhlrAoIBAG5BTsETAPZDim2zYrVURavesfdySNYsZC06ezgJkkGP9zAd/pbbolBJ\nZ8By1pGH2inANxHXaLn7l2Uos08PCveo1WtSFtEVoC7s+5r28RF8dZ93Vdc9BnuH\nm/48VBeflZFeEB7Cype4c9w6+K+BTR4rATIl6KFuw7pP+XliXtiQRZdgfMa6EoFf\nnf+0+qQUB+JaSVrZdG+Yy8n62BfdSQBn4jm19Bw7+8iEQ9TnBfddaMxPFzTfBYFv\ndc91cLSICPZLMxZG40q9kHzcKjC1KMy03JAuf8nn4iCjQ2kBTF2cBWov041HDPa8\nJNVRlMgMV5U76cppTisODl+o4tA99Js=\n-----END PRIVATE KEY-----\n",
            "public_key_fingerprint_md5": "08:9e:bb:55:51:e8:fe:49:5d:cd:5d:fe:83:e7:5f:93",
            "public_key_fingerprint_sha256": "SHA256:rIeGbYfap0GE4oW9iJPYXUEAPy3zWoGrIFv6tvtFpmg",
            "public_key_openssh": "ssh-rsa AAAAB3NzaC1yc2EAAAADAQABAAACAQDyTlzHJgI9SSQyW5NDd7+jMOx6+R7ldmspNVx0CgSqRtcZGyZdXr2SAufbSFsH3r5WnhMGMw/gj7SztTustVe8HBauWpnHcnxx6JT1xxBfN80p650YeRbJGhNkP82aL9PtZGQu5OdhzambK5Ssu3BksOUpRv5GjzQg8p1kiGuUiHbal9dUzCOhZsSs0gPUDGrgDsyv3K4Bj2Bdqf0bMEMKPRkL5RYBZmsHFd7pLfjI5TQyaTJ70ngwbozlQL9LNW4HPzeRl61Z/Dx0fjSl0DfnJWHlobXQ7k3HOO/vH4UhIaE0bBFiX5+LAuT50x16R+qu+9AibYlvUlYjBCfJ0hy9ABTw0pFgXTQ0e6I9XdPMU45/lvE7BYV/Kp2E1OnzwGO0HR4rTI6CbraWUm9tQdkvS9+m/N/q1lzvZ6g60Me3SKaSFF2MogHhyGxZekoI0Jxc/Ocd9SpJqB4rOQ4V4vrFxppqwrcIWOM54GYhkCgALyuBBs4VfbKY/E/Aen+TcxFaERD06q8D6Nncf2eS43amj8TKSe5V0KQai9DNp99jFXqFv8ld72Wo0aYOTn2XIB0bih9hikCVXg2FKwT34tF6aIjCleHHzpn1zDRO0wkr6AmvjPixN9nTd0VgCHxCS0M+DGmvVS3U0PKSxciS0Vk71brnt+BYOGoUukoyfnGz7w==\n",
            "public_key_pem": "-----BEGIN PUBLIC KEY-----\nMIICIjANBgkqhkiG9w0BAQEFAAOCAg8AMIICCgKCAgEA8k5cxyYCPUkkMluTQ3e/\nozDsevke5XZrKTVcdAoEqkbXGRsmXV69kgLn20hbB96+Vp4TBjMP4I+0s7U7rLVX\nvBwWrlqZx3J8ceiU9ccQXzfNKeudGHkWyRoTZD/Nmi/T7WRkLuTnYc2pmyuUrLtw\nZLDlKUb+Ro80IPKdZIhrlIh22pfXVMwjoWbErNID1Axq4A7Mr9yuAY9gXan9GzBD\nCj0ZC+UWAWZrBxXe6S34yOU0Mmkye9J4MG6M5UC/SzVuBz83kZetWfw8dH40pdA3\n5yVh5aG10O5Nxzjv7x+FISGhNGwRYl+fiwLk+dMdekfqrvvQIm2Jb1JWIwQnydIc\nvQAU8NKRYF00NHuiPV3TzFOOf5bxOwWFfyqdhNTp88BjtB0eK0yOgm62llJvbUHZ\nL0vfpvzf6tZc72eoOtDHt0imkhRdjKIB4chsWXpKCNCcXPznHfUqSageKzkOFeL6\nxcaaasK3CFjjOeBmIZAoAC8rgQbOFX2ymPxPwHp/k3MRWhEQ9OqvA+jZ3H9nkuN2\npo/EyknuVdCkGovQzaffYxV6hb/JXe9lqNGmDk59lyAdG4ofYYpAlV4NhSsE9+LR\nemiIwpXhx86Z9cw0TtMJK+gJr4z4sTfZ03dFYAh8QktDPgxpr1Ut1NDyksXIktFZ\nO9W657fgWDhqFLpKMn5xs+8CAwEAAQ==\n-----END PUBLIC KEY-----\n",
            "rsa_bits": 4096
          },
          "sensitive_attributes": []
        }
      ]
    }
  ],
  "check_results": null
}
